
Microsoft Visual Studio Solution File, Format Version 12.00
# Visual Studio Version 17
VisualStudioVersion = 17.13.35806.99 d17.13
MinimumVisualStudioVersion = 10.0.40219.1
Project("{FAE04EC0-301F-11D3-BF4B-00C04F79EFBC}") = "PPA", "PPA\PPA.csproj", "{59F5C264-F8C7-4CF4-BD15-7D0D1624755B}"
EndProject
Global
	GlobalSection(SolutionConfigurationPlatforms) = preSolution
		Debug|Any CPU = Debug|Any CPU
		Release|Any CPU = Release|Any CPU
	EndGlobalSection
	GlobalSection(ProjectConfigurationPlatforms) = postSolution
		{59F5C264-F8C7-4CF4-BD15-7D0D1624755B}.Debug|Any CPU.ActiveCfg = Debug|Any CPU
		{59F5C264-F8C7-4CF4-BD15-7D0D1624755B}.Debug|Any CPU.Build.0 = Debug|Any CPU
		{59F5C264-F8C7-4CF4-BD15-7D0D1624755B}.Release|Any CPU.ActiveCfg = Release|Any CPU
		{59F5C264-F8C7-4CF4-BD15-7D0D1624755B}.Release|Any CPU.Build.0 = Release|Any CPU
	EndGlobalSection
	GlobalSection(SolutionProperties) = preSolution
		HideSolutionNode = FALSE
	EndGlobalSection
	GlobalSection(ExtensibilityGlobals) = postSolution
		SolutionGuid = {E626551D-B901-4E2B-B39F-45C20ED90722}
	EndGlobalSection
EndGlobal
